// !$*UTF8*$!
{
	archiveVersion = 1;
	classes = {
	};
	objectVersion = 46;
	objects = {

/* Begin PBXBuildFile section */
		10AE3E7B1EBB2F7400E9C581 /* MapsViewControllerExtension.swift in Sources */ = {isa = PBXBuildFile; fileRef = 10AE3E7A1EBB2F7400E9C581 /* MapsViewControllerExtension.swift */; };
		10AE3E7D1EBB419C00E9C581 /* Travel.swift in Sources */ = {isa = PBXBuildFile; fileRef = 10AE3E7C1EBB419C00E9C581 /* Travel.swift */; };
		10E799521EBB022E004479EA /* AppDelegate.swift in Sources */ = {isa = PBXBuildFile; fileRef = 10E799511EBB022E004479EA /* AppDelegate.swift */; };
		10E799571EBB022E004479EA /* Main.storyboard in Resources */ = {isa = PBXBuildFile; fileRef = 10E799551EBB022E004479EA /* Main.storyboard */; };
		10E799591EBB022E004479EA /* Assets.xcassets in Resources */ = {isa = PBXBuildFile; fileRef = 10E799581EBB022E004479EA /* Assets.xcassets */; };
		10E7995C1EBB022E004479EA /* LaunchScreen.storyboard in Resources */ = {isa = PBXBuildFile; fileRef = 10E7995A1EBB022E004479EA /* LaunchScreen.storyboard */; };
		10E799641EBB0584004479EA /* MapViewController.swift in Sources */ = {isa = PBXBuildFile; fileRef = 10E799631EBB0584004479EA /* MapViewController.swift */; };
		10E799671EBB08A8004479EA /* MapKit.framework in Frameworks */ = {isa = PBXBuildFile; fileRef = 10E799661EBB08A8004479EA /* MapKit.framework */; };
		10E799691EBB1405004479EA /* Places.plist in Resources */ = {isa = PBXBuildFile; fileRef = 10E799681EBB1405004479EA /* Places.plist */; };
		10E7996B1EBB140C004479EA /* Place.swift in Sources */ = {isa = PBXBuildFile; fileRef = 10E7996A1EBB140C004479EA /* Place.swift */; };
		10E7996D1EBB23AD004479EA /* BottomView.swift in Sources */ = {isa = PBXBuildFile; fileRef = 10E7996C1EBB23AD004479EA /* BottomView.swift */; };
/* End PBXBuildFile section */

/* Begin PBXFileReference section */
		10AE3E7A1EBB2F7400E9C581 /* MapsViewControllerExtension.swift */ = {isa = PBXFileReference; fileEncoding = 4; lastKnownFileType = sourcecode.swift; path = MapsViewControllerExtension.swift; sourceTree = "<group>"; };
		10AE3E7C1EBB419C00E9C581 /* Travel.swift */ = {isa = PBXFileReference; fileEncoding = 4; lastKnownFileType = sourcecode.swift; path = Travel.swift; sourceTree = "<group>"; };
		10E7994E1EBB022E004479EA /* Ithaka.app */ = {isa = PBXFileReference; explicitFileType = wrapper.application; includeInIndex = 0; path = Ithaka.app; sourceTree = BUILT_PRODUCTS_DIR; };
		10E799511EBB022E004479EA /* AppDelegate.swift */ = {isa = PBXFileReference; lastKnownFileType = sourcecode.swift; path = AppDelegate.swift; sourceTree = "<group>"; };
		10E799561EBB022E004479EA /* Base */ = {isa = PBXFileReference; lastKnownFileType = file.storyboard; name = Base; path = Base.lproj/Main.storyboard; sourceTree = "<group>"; };
		10E799581EBB022E004479EA /* Assets.xcassets */ = {isa = PBXFileReference; lastKnownFileType = folder.assetcatalog; path = Assets.xcassets; sourceTree = "<group>"; };
		10E7995B1EBB022E004479EA /* Base */ = {isa = PBXFileReference; lastKnownFileType = file.storyboard; name = Base; path = Base.lproj/LaunchScreen.storyboard; sourceTree = "<group>"; };
		10E7995D1EBB022E004479EA /* Info.plist */ = {isa = PBXFileReference; lastKnownFileType = text.plist.xml; path = Info.plist; sourceTree = "<group>"; };
		10E799631EBB0584004479EA /* MapViewController.swift */ = {isa = PBXFileReference; fileEncoding = 4; lastKnownFileType = sourcecode.swift; path = MapViewController.swift; sourceTree = "<group>"; };
		10E799661EBB08A8004479EA /* MapKit.framework */ = {isa = PBXFileReference; lastKnownFileType = wrapper.framework; name = MapKit.framework; path = System/Library/Frameworks/MapKit.framework; sourceTree = SDKROOT; };
		10E799681EBB1405004479EA /* Places.plist */ = {isa = PBXFileReference; fileEncoding = 4; lastKnownFileType = text.plist.xml; path = Places.plist; sourceTree = "<group>"; };
		10E7996A1EBB140C004479EA /* Place.swift */ = {isa = PBXFileReference; fileEncoding = 4; lastKnownFileType = sourcecode.swift; path = Place.swift; sourceTree = "<group>"; };
		10E7996C1EBB23AD004479EA /* BottomView.swift */ = {isa = PBXFileReference; fileEncoding = 4; lastKnownFileType = sourcecode.swift; path = BottomView.swift; sourceTree = "<group>"; };
/* End PBXFileReference section */

/* Begin PBXFrameworksBuildPhase section */
		10E7994B1EBB022E004479EA /* Frameworks */ = {
			isa = PBXFrameworksBuildPhase;
			buildActionMask = 2147483647;
			files = (
				10E799671EBB08A8004479EA /* MapKit.framework in Frameworks */,
			);
			runOnlyForDeploymentPostprocessing = 0;
		};
/* End PBXFrameworksBuildPhase section */

/* Begin PBXGroup section */
		10E799451EBB022E004479EA = {
			isa = PBXGroup;
			children = (
				10E799501EBB022E004479EA /* Ithaka */,
				10E7994F1EBB022E004479EA /* Products */,
				10E799651EBB08A8004479EA /* Frameworks */,
			);
			sourceTree = "<group>";
		};
		10E7994F1EBB022E004479EA /* Products */ = {
			isa = PBXGroup;
			children = (
				10E7994E1EBB022E004479EA /* Ithaka.app */,
			);
			name = Products;
			sourceTree = "<group>";
		};
		10E799501EBB022E004479EA /* Ithaka */ = {
			isa = PBXGroup;
			children = (
				10E799511EBB022E004479EA /* AppDelegate.swift */,
				10E799631EBB0584004479EA /* MapViewController.swift */,
				10AE3E7A1EBB2F7400E9C581 /* MapsViewControllerExtension.swift */,
				10E7996C1EBB23AD004479EA /* BottomView.swift */,
				10E7996A1EBB140C004479EA /* Place.swift */,
				10AE3E7C1EBB419C00E9C581 /* Travel.swift */,
				10E799681EBB1405004479EA /* Places.plist */,
				10E799551EBB022E004479EA /* Main.storyboard */,
				10E799581EBB022E004479EA /* Assets.xcassets */,
				10E7995A1EBB022E004479EA /* LaunchScreen.storyboard */,
				10E7995D1EBB022E004479EA /* Info.plist */,
			);
			path = Ithaka;
			sourceTree = "<group>";
		};
		10E799651EBB08A8004479EA /* Frameworks */ = {
			isa = PBXGroup;
			children = (
				10E799661EBB08A8004479EA /* MapKit.framework */,
			);
			name = Frameworks;
			sourceTree = "<group>";
		};
/* End PBXGroup section */

/* Begin PBXNativeTarget section */
		10E7994D1EBB022E004479EA /* Ithaka */ = {
			isa = PBXNativeTarget;
			buildConfigurationList = 10E799601EBB022E004479EA /* Build configuration list for PBXNativeTarget "Ithaka" */;
			buildPhases = (
				10E7994A1EBB022E004479EA /* Sources */,
				10E7994B1EBB022E004479EA /* Frameworks */,
				10E7994C1EBB022E004479EA /* Resources */,
			);
			buildRules = (
			);
			dependencies = (
			);
			name = Ithaka;
			productName = Ithaka;
			productReference = 10E7994E1EBB022E004479EA /* Ithaka.app */;
			productType = "com.apple.product-type.application";
		};
/* End PBXNativeTarget section */

/* Begin PBXProject section */
		10E799461EBB022E004479EA /* Project object */ = {
			isa = PBXProject;
			attributes = {
				LastSwiftUpdateCheck = 0830;
				LastUpgradeCheck = 0830;
				ORGANIZATIONNAME = "Junkie Labs";
				TargetAttributes = {
					10E7994D1EBB022E004479EA = {
						CreatedOnToolsVersion = 8.3.1;
						DevelopmentTeam = ES5YG98Z24;
						ProvisioningStyle = Automatic;
						SystemCapabilities = {
							com.apple.Maps.iOS = {
								enabled = 1;
							};
						};
					};
				};
			};
			buildConfigurationList = 10E799491EBB022E004479EA /* Build configuration list for PBXProject "Ithaka" */;
			compatibilityVersion = "Xcode 3.2";
			developmentRegion = English;
			hasScannedForEncodings = 0;
			knownRegions = (
				en,
				Base,
			);
			mainGroup = 10E799451EBB022E004479EA;
			productRefGroup = 10E7994F1EBB022E004479EA /* Products */;
			projectDirPath = "";
			projectRoot = "";
			targets = (
				10E7994D1EBB022E004479EA /* Ithaka */,
			);
		};
/* End PBXProject section */

/* Begin PBXResourcesBuildPhase section */
		10E7994C1EBB022E004479EA /* Resources */ = {
			isa = PBXResourcesBuildPhase;
			buildActionMask = 2147483647;
			files = (
				10E7995C1EBB022E004479EA /* LaunchScreen.storyboard in Resources */,
				10E799591EBB022E004479EA /* Assets.xcassets in Resources */,
				10E799691EBB1405004479EA /* Places.plist in Resources */,
				10E799571EBB022E004479EA /* Main.storyboard in Resources */,
			);
			runOnlyForDeploymentPostprocessing = 0;
		};
/* End PBXResourcesBuildPhase section */

/* Begin PBXSourcesBuildPhase section */
		10E7994A1EBB022E004479EA /* Sources */ = {
			isa = PBXSourcesBuildPhase;
			buildActionMask = 2147483647;
			files = (
				10E799521EBB022E004479EA /* AppDelegate.swift in Sources */,
				10E7996D1EBB23AD004479EA /* BottomView.swift in Sources */,
				10E799641EBB0584004479EA /* MapViewController.swift in Sources */,
				10AE3E7D1EBB419C00E9C581 /* Travel.swift in Sources */,
				10AE3E7B1EBB2F7400E9C581 /* MapsViewControllerExtension.swift in Sources */,
				10E7996B1EBB140C004479EA /* Place.swift in Sources */,
			);
			runOnlyForDeploymentPostprocessing = 0;
		};
/* End PBXSourcesBuildPhase section */

/* Begin PBXVariantGroup section */
		10E799551EBB022E004479EA /* Main.storyboard */ = {
			isa = PBXVariantGroup;
			children = (
				10E799561EBB022E004479EA /* Base */,
			);
			name = Main.storyboard;
			sourceTree = "<group>";
		};
		10E7995A1EBB022E004479EA /* LaunchScreen.storyboard */ = {
			isa = PBXVariantGroup;
			children = (
				10E7995B1EBB022E004479EA /* Base */,
			);
			name = LaunchScreen.storyboard;
			sourceTree = "<group>";
		};
/* End PBXVariantGroup section */

/* Begin XCBuildConfiguration section */
		10E7995E1EBB022E004479EA /* Debug */ = {
			isa = XCBuildConfiguration;
			buildSettings = {
				ALWAYS_SEARCH_USER_PATHS = NO;
				CLANG_ANALYZER_NONNULL = YES;
				CLANG_ANALYZER_NUMBER_OBJECT_CONVERSION = YES_AGGRESSIVE;
				CLANG_CXX_LANGUAGE_STANDARD = "gnu++0x";
				CLANG_CXX_LIBRARY = "libc++";
				CLANG_ENABLE_MODULES = YES;
				CLANG_ENABLE_OBJC_ARC = YES;
				CLANG_WARN_BOOL_CONVERSION = YES;
				CLANG_WARN_CONSTANT_CONVERSION = YES;
				CLANG_WARN_DIRECT_OBJC_ISA_USAGE = YES_ERROR;
				CLANG_WARN_DOCUMENTATION_COMMENTS = YES;
				CLANG_WARN_EMPTY_BODY = YES;
				CLANG_WARN_ENUM_CONVERSION = YES;
				CLANG_WARN_INFINITE_RECURSION = YES;
				CLANG_WARN_INT_CONVERSION = YES;
				CLANG_WARN_OBJC_ROOT_CLASS = YES_ERROR;
				CLANG_WARN_SUSPICIOUS_MOVE = YES;
				CLANG_WARN_UNREACHABLE_CODE = YES;
				CLANG_WARN__DUPLICATE_METHOD_MATCH = YES;
				"CODE_SIGN_IDENTITY[sdk=iphoneos*]" = "iPhone Developer";
				COPY_PHASE_STRIP = NO;
				DEBUG_INFORMATION_FORMAT = dwarf;
				ENABLE_STRICT_OBJC_MSGSEND = YES;
				ENABLE_TESTABILITY = YES;
				GCC_C_LANGUAGE_STANDARD = gnu99;
				GCC_DYNAMIC_NO_PIC = NO;
				GCC_NO_COMMON_BLOCKS = YES;
				GCC_OPTIMIZATION_LEVEL = 0;
				GCC_PREPROCESSOR_DEFINITIONS = (
					"DEBUG=1",
					"$(inherited)",
				);
				GCC_WARN_64_TO_32_BIT_CONVERSION = YES;
				GCC_WARN_ABOUT_RETURN_TYPE = YES_ERROR;
				GCC_WARN_UNDECLARED_SELECTOR = YES;
				GCC_WARN_UNINITIALIZED_AUTOS = YES_AGGRESSIVE;
				GCC_WARN_UNUSED_FUNCTION = YES;
				GCC_WARN_UNUSED_VARIABLE = YES;
				IPHONEOS_DEPLOYMENT_TARGET = 10.3;
				MTL_ENABLE_DEBUG_INFO = YES;
				ONLY_ACTIVE_ARCH = YES;
				SDKROOT = iphoneos;
				SWIFT_ACTIVE_COMPILATION_CONDITIONS = DEBUG;
				SWIFT_OPTIMIZATION_LEVEL = "-Onone";
				TARGETED_DEVICE_FAMILY = "1,2";
			};
			name = Debug;
		};
		10E7995F1EBB022E004479EA /* Release */ = {
			isa = XCBuildConfiguration;
			buildSettings = {
				ALWAYS_SEARCH_USER_PATHS = NO;
				CLANG_ANALYZER_NONNULL = YES;
				CLANG_ANALYZER_NUMBER_OBJECT_CONVERSION = YES_AGGRESSIVE;
				CLANG_CXX_LANGUAGE_STANDARD = "gnu++0x";
				CLANG_CXX_LIBRARY = "libc++";
				CLANG_ENABLE_MODULES = YES;
				CLANG_ENABLE_OBJC_ARC = YES;
				CLANG_WARN_BOOL_CONVERSION = YES;
				CLANG_WARN_CONSTANT_CONVERSION = YES;
				CLANG_WARN_DIRECT_OBJC_ISA_USAGE = YES_ERROR;
				CLANG_WARN_DOCUMENTATION_COMMENTS = YES;
				CLANG_WARN_EMPTY_BODY = YES;
				CLANG_WARN_ENUM_CONVERSION = YES;
				CLANG_WARN_INFINITE_RECURSION = YES;
				CLANG_WARN_INT_CONVERSION = YES;
				CLANG_WARN_OBJC_ROOT_CLASS = YES_ERROR;
				CLANG_WARN_SUSPICIOUS_MOVE = YES;
				CLANG_WARN_UNREACHABLE_CODE = YES;
				CLANG_WARN__DUPLICATE_METHOD_MATCH = YES;
				"CODE_SIGN_IDENTITY[sdk=iphoneos*]" = "iPhone Developer";
				COPY_PHASE_STRIP = NO;
				DEBUG_INFORMATION_FORMAT = "dwarf-with-dsym";
				ENABLE_NS_ASSERTIONS = NO;
				ENABLE_STRICT_OBJC_MSGSEND = YES;
				GCC_C_LANGUAGE_STANDARD = gnu99;
				GCC_NO_COMMON_BLOCKS = YES;
				GCC_WARN_64_TO_32_BIT_CONVERSION = YES;
				GCC_WARN_ABOUT_RETURN_TYPE = YES_ERROR;
				GCC_WARN_UNDECLARED_SELECTOR = YES;
				GCC_WARN_UNINITIALIZED_AUTOS = YES_AGGRESSIVE;
				GCC_WARN_UNUSED_FUNCTION = YES;
				GCC_WARN_UNUSED_VARIABLE = YES;
				IPHONEOS_DEPLOYMENT_TARGET = 10.3;
				MTL_ENABLE_DEBUG_INFO = NO;
				SDKROOT = iphoneos;
				SWIFT_OPTIMIZATION_LEVEL = "-Owholemodule";
				TARGETED_DEVICE_FAMILY = "1,2";
				VALIDATE_PRODUCT = YES;
			};
			name = Release;
		};
		10E799611EBB022E004479EA /* Debug */ = {
			isa = XCBuildConfiguration;
			buildSettings = {
				ASSETCATALOG_COMPILER_APPICON_NAME = AppIcon;
				DEVELOPMENT_TEAM = ES5YG98Z24;
				INFOPLIST_FILE = Ithaka/Info.plist;
				LD_RUNPATH_SEARCH_PATHS = "$(inherited) @executable_path/Frameworks";
				PRODUCT_BUNDLE_IDENTIFIER = com.junkielabs.Ithaka;
				PRODUCT_NAME = "$(TARGET_NAME)";
				SWIFT_VERSION = 3.0;
			};
			name = Debug;
		};
		10E799621EBB022E004479EA /* Release */ = {
			isa = XCBuildConfiguration;
			buildSettings = {
				ASSETCATALOG_COMPILER_APPICON_NAME = AppIcon;
				DEVELOPMENT_TEAM = ES5YG98Z24;
				INFOPLIST_FILE = Ithaka/Info.plist;
				LD_RUNPATH_SEARCH_PATHS = "$(inherited) @executable_path/Frameworks";
				PRODUCT_BUNDLE_IDENTIFIER = com.junkielabs.Ithaka;
				PRODUCT_NAME = "$(TARGET_NAME)";
				SWIFT_VERSION = 3.0;
			};
			name = Release;
		};
/* End XCBuildConfiguration section */

/* Begin XCConfigurationList section */
		10E799491EBB022E004479EA /* Build configuration list for PBXProject "Ithaka" */ = {
			isa = XCConfigurationList;
			buildConfigurations = (
				10E7995E1EBB022E004479EA /* Debug */,
				10E7995F1EBB022E004479EA /* Release */,
			);
			defaultConfigurationIsVisible = 0;
			defaultConfigurationName = Release;
		};
		10E799601EBB022E004479EA /* Build configuration list for PBXNativeTarget "Ithaka" */ = {
			isa = XCConfigurationList;
			buildConfigurations = (
				10E799611EBB022E004479EA /* Debug */,
				10E799621EBB022E004479EA /* Release */,
			);
			defaultConfigurationIsVisible = 0;
			defaultConfigurationName = Release;
		};
/* End XCConfigurationList section */
	};
	rootObject = 10E799461EBB022E004479EA /* Project object */;
}
